
Microsoft Visual Studio Solution File, Format Version 12.00
# Visual Studio 15
VisualStudioVersion = 15.0.27703.2026
MinimumVisualStudioVersion = 10.0.40219.1
Project("{FAE04EC0-301F-11D3-BF4B-00C04F79EFBC}") = "SFGraphics", "Projects\SFGraphics\SFGraphics.csproj", "{A62E9240-EF67-41E5-A4E1-43F0AFA759F4}"
EndProject
Project("{FAE04EC0-301F-11D3-BF4B-00C04F79EFBC}") = "SFGraphicsGui", "Example Projects\SFGraphicsGui\SFGraphicsGui.csproj", "{42D19A97-D464-4DEB-BE6E-BAF0749FCE34}"
EndProject
Project("{FAE04EC0-301F-11D3-BF4B-00C04F79EFBC}") = "SFGraphics.Utils.Test", "Test Projects\SFGraphics.Utils.Test\SFGraphics.Utils.Test.csproj", "{66831642-DBFF-4FB8-91D0-CBF634F98CB3}"
EndProject
Project("{FAE04EC0-301F-11D3-BF4B-00C04F79EFBC}") = "SFGraphics.Test", "Test Projects\SFGraphics.Test\SFGraphics.Test.csproj", "{91A71848-B6E5-450C-A629-3F41651296DE}"
EndProject
Project("{2150E333-8FDC-42A3-9474-1A3956D46DE8}") = "Projects", "Projects", "{EF1FFAC2-D7BD-4A7B-8802-D0F8A17AB9DA}"
EndProject
Project("{2150E333-8FDC-42A3-9474-1A3956D46DE8}") = "Test Projects", "Test Projects", "{AE6192C9-298F-470D-AE6F-DF2B29554CE4}"
EndProject
Project("{2150E333-8FDC-42A3-9474-1A3956D46DE8}") = "Example Projects", "Example Projects", "{B7BAD9C1-C7D9-4CDE-B9AF-68ACAD0BAF40}"
EndProject
Project("{FAE04EC0-301F-11D3-BF4B-00C04F79EFBC}") = "SFGenericModel", "Projects\SFGenericModel\SFGenericModel.csproj", "{A94B234E-9F97-42BB-A405-8C713481A463}"
EndProject
Project("{FAE04EC0-301F-11D3-BF4B-00C04F79EFBC}") = "SFGraphics.Utils", "Projects\SFGraphics.Utils\SFGraphics.Utils.csproj", "{D78B8153-C955-4EF6-B02F-6D824BFD949E}"
EndProject
Project("{FAE04EC0-301F-11D3-BF4B-00C04F79EFBC}") = "SFGenericModel.Test", "Test Projects\SFGenericModel.Test\SFGenericModel.Test.csproj", "{7BE87B94-CA49-4F44-905A-298DED4884F9}"
EndProject
Project("{FAE04EC0-301F-11D3-BF4B-00C04F79EFBC}") = "RenderTestUtils", "Test Projects\RenderTestUtils\RenderTestUtils.csproj", "{53CBDEA3-F60C-4B16-B57F-21B6CE665040}"
EndProject
Project("{FAE04EC0-301F-11D3-BF4B-00C04F79EFBC}") = "SFShapes", "Projects\SFShapes\SFShapes.csproj", "{C70C5DB4-C934-4D59-BA34-D25F3A9A56D5}"
EndProject
Project("{FAE04EC0-301F-11D3-BF4B-00C04F79EFBC}") = "SFGraphics.Controls", "Projects\SFGraphics.Controls\SFGraphics.Controls.csproj", "{1108246F-FE39-4018-A107-B9B1028B5CDB}"
EndProject
Project("{FAE04EC0-301F-11D3-BF4B-00C04F79EFBC}") = "SFShaderLoader", "Projects\SFShaderLoader\SFShaderLoader.csproj", "{33FFA062-9FE2-4C96-A546-D76F43CE54D5}"
EndProject
Project("{FAE04EC0-301F-11D3-BF4B-00C04F79EFBC}") = "SFShaderLoader.Test", "Test Projects\SFShaderLoader.Test\SFShaderLoader.Test.csproj", "{CE0AB008-0C14-4DC0-8F66-8C6F902E0315}"
EndProject
Global
	GlobalSection(SolutionConfigurationPlatforms) = preSolution
		Debug|Any CPU = Debug|Any CPU
		Release|Any CPU = Release|Any CPU
	EndGlobalSection
	GlobalSection(ProjectConfigurationPlatforms) = postSolution
		{A62E9240-EF67-41E5-A4E1-43F0AFA759F4}.Debug|Any CPU.ActiveCfg = Debug|Any CPU
		{A62E9240-EF67-41E5-A4E1-43F0AFA759F4}.Debug|Any CPU.Build.0 = Debug|Any CPU
		{A62E9240-EF67-41E5-A4E1-43F0AFA759F4}.Release|Any CPU.ActiveCfg = Release|Any CPU
		{A62E9240-EF67-41E5-A4E1-43F0AFA759F4}.Release|Any CPU.Build.0 = Release|Any CPU
		{42D19A97-D464-4DEB-BE6E-BAF0749FCE34}.Debug|Any CPU.ActiveCfg = Debug|Any CPU
		{42D19A97-D464-4DEB-BE6E-BAF0749FCE34}.Debug|Any CPU.Build.0 = Debug|Any CPU
		{42D19A97-D464-4DEB-BE6E-BAF0749FCE34}.Release|Any CPU.ActiveCfg = Release|Any CPU
		{42D19A97-D464-4DEB-BE6E-BAF0749FCE34}.Release|Any CPU.Build.0 = Release|Any CPU
		{66831642-DBFF-4FB8-91D0-CBF634F98CB3}.Debug|Any CPU.ActiveCfg = Debug|Any CPU
		{66831642-DBFF-4FB8-91D0-CBF634F98CB3}.Debug|Any CPU.Build.0 = Debug|Any CPU
		{66831642-DBFF-4FB8-91D0-CBF634F98CB3}.Release|Any CPU.ActiveCfg = Release|Any CPU
		{66831642-DBFF-4FB8-91D0-CBF634F98CB3}.Release|Any CPU.Build.0 = Release|Any CPU
		{91A71848-B6E5-450C-A629-3F41651296DE}.Debug|Any CPU.ActiveCfg = Debug|Any CPU
		{91A71848-B6E5-450C-A629-3F41651296DE}.Debug|Any CPU.Build.0 = Debug|Any CPU
		{91A71848-B6E5-450C-A629-3F41651296DE}.Release|Any CPU.ActiveCfg = Release|Any CPU
		{91A71848-B6E5-450C-A629-3F41651296DE}.Release|Any CPU.Build.0 = Release|Any CPU
		{A94B234E-9F97-42BB-A405-8C713481A463}.Debug|Any CPU.ActiveCfg = Debug|Any CPU
		{A94B234E-9F97-42BB-A405-8C713481A463}.Debug|Any CPU.Build.0 = Debug|Any CPU
		{A94B234E-9F97-42BB-A405-8C713481A463}.Release|Any CPU.ActiveCfg = Release|Any CPU
		{A94B234E-9F97-42BB-A405-8C713481A463}.Release|Any CPU.Build.0 = Release|Any CPU
		{D78B8153-C955-4EF6-B02F-6D824BFD949E}.Debug|Any CPU.ActiveCfg = Debug|Any CPU
		{D78B8153-C955-4EF6-B02F-6D824BFD949E}.Debug|Any CPU.Build.0 = Debug|Any CPU
		{D78B8153-C955-4EF6-B02F-6D824BFD949E}.Release|Any CPU.ActiveCfg = Release|Any CPU
		{D78B8153-C955-4EF6-B02F-6D824BFD949E}.Release|Any CPU.Build.0 = Release|Any CPU
		{7BE87B94-CA49-4F44-905A-298DED4884F9}.Debug|Any CPU.ActiveCfg = Debug|Any CPU
		{7BE87B94-CA49-4F44-905A-298DED4884F9}.Debug|Any CPU.Build.0 = Debug|Any CPU
		{7BE87B94-CA49-4F44-905A-298DED4884F9}.Release|Any CPU.ActiveCfg = Release|Any CPU
		{7BE87B94-CA49-4F44-905A-298DED4884F9}.Release|Any CPU.Build.0 = Release|Any CPU
		{53CBDEA3-F60C-4B16-B57F-21B6CE665040}.Debug|Any CPU.ActiveCfg = Debug|Any CPU
		{53CBDEA3-F60C-4B16-B57F-21B6CE665040}.Debug|Any CPU.Build.0 = Debug|Any CPU
		{53CBDEA3-F60C-4B16-B57F-21B6CE665040}.Release|Any CPU.ActiveCfg = Release|Any CPU
		{53CBDEA3-F60C-4B16-B57F-21B6CE665040}.Release|Any CPU.Build.0 = Release|Any CPU
		{C70C5DB4-C934-4D59-BA34-D25F3A9A56D5}.Debug|Any CPU.ActiveCfg = Debug|Any CPU
		{C70C5DB4-C934-4D59-BA34-D25F3A9A56D5}.Debug|Any CPU.Build.0 = Debug|Any CPU
		{C70C5DB4-C934-4D59-BA34-D25F3A9A56D5}.Release|Any CPU.ActiveCfg = Release|Any CPU
		{C70C5DB4-C934-4D59-BA34-D25F3A9A56D5}.Release|Any CPU.Build.0 = Release|Any CPU
		{1108246F-FE39-4018-A107-B9B1028B5CDB}.Debug|Any CPU.ActiveCfg = Debug|Any CPU
		{1108246F-FE39-4018-A107-B9B1028B5CDB}.Debug|Any CPU.Build.0 = Debug|Any CPU
		{1108246F-FE39-4018-A107-B9B1028B5CDB}.Release|Any CPU.ActiveCfg = Release|Any CPU
		{1108246F-FE39-4018-A107-B9B1028B5CDB}.Release|Any CPU.Build.0 = Release|Any CPU
		{33FFA062-9FE2-4C96-A546-D76F43CE54D5}.Debug|Any CPU.ActiveCfg = Debug|Any CPU
		{33FFA062-9FE2-4C96-A546-D76F43CE54D5}.Debug|Any CPU.Build.0 = Debug|Any CPU
		{33FFA062-9FE2-4C96-A546-D76F43CE54D5}.Release|Any CPU.ActiveCfg = Release|Any CPU
		{33FFA062-9FE2-4C96-A546-D76F43CE54D5}.Release|Any CPU.Build.0 = Release|Any CPU
		{CE0AB008-0C14-4DC0-8F66-8C6F902E0315}.Debug|Any CPU.ActiveCfg = Debug|Any CPU
		{CE0AB008-0C14-4DC0-8F66-8C6F902E0315}.Debug|Any CPU.Build.0 = Debug|Any CPU
		{CE0AB008-0C14-4DC0-8F66-8C6F902E0315}.Release|Any CPU.ActiveCfg = Release|Any CPU
		{CE0AB008-0C14-4DC0-8F66-8C6F902E0315}.Release|Any CPU.Build.0 = Release|Any CPU
	EndGlobalSection
	GlobalSection(SolutionProperties) = preSolution
		HideSolutionNode = FALSE
	EndGlobalSection
	GlobalSection(NestedProjects) = preSolution
		{A62E9240-EF67-41E5-A4E1-43F0AFA759F4} = {EF1FFAC2-D7BD-4A7B-8802-D0F8A17AB9DA}
		{42D19A97-D464-4DEB-BE6E-BAF0749FCE34} = {B7BAD9C1-C7D9-4CDE-B9AF-68ACAD0BAF40}
		{66831642-DBFF-4FB8-91D0-CBF634F98CB3} = {AE6192C9-298F-470D-AE6F-DF2B29554CE4}
		{91A71848-B6E5-450C-A629-3F41651296DE} = {AE6192C9-298F-470D-AE6F-DF2B29554CE4}
		{A94B234E-9F97-42BB-A405-8C713481A463} = {EF1FFAC2-D7BD-4A7B-8802-D0F8A17AB9DA}
		{D78B8153-C955-4EF6-B02F-6D824BFD949E} = {EF1FFAC2-D7BD-4A7B-8802-D0F8A17AB9DA}
		{7BE87B94-CA49-4F44-905A-298DED4884F9} = {AE6192C9-298F-470D-AE6F-DF2B29554CE4}
		{53CBDEA3-F60C-4B16-B57F-21B6CE665040} = {AE6192C9-298F-470D-AE6F-DF2B29554CE4}
		{C70C5DB4-C934-4D59-BA34-D25F3A9A56D5} = {EF1FFAC2-D7BD-4A7B-8802-D0F8A17AB9DA}
		{1108246F-FE39-4018-A107-B9B1028B5CDB} = {EF1FFAC2-D7BD-4A7B-8802-D0F8A17AB9DA}
		{33FFA062-9FE2-4C96-A546-D76F43CE54D5} = {EF1FFAC2-D7BD-4A7B-8802-D0F8A17AB9DA}
		{CE0AB008-0C14-4DC0-8F66-8C6F902E0315} = {AE6192C9-298F-470D-AE6F-DF2B29554CE4}
	EndGlobalSection
	GlobalSection(ExtensibilityGlobals) = postSolution
		SolutionGuid = {A5FFF81B-43BA-4824-9A6D-EC21147BDC9C}
	EndGlobalSection
EndGlobal
